
Microsoft Visual Studio Solution File, Format Version 12.00
# Visual Studio Version 17
VisualStudioVersion = 17.0.31903.59
MinimumVisualStudioVersion = 10.0.40219.1
Project("{FAE04EC0-301F-11D3-BF4B-00C04F79EFBC}") = "Commands", "Commands\Commands.csproj", "{C8ACBA63-C907-4DD1-8CA2-95CDCF2A58F7}"
EndProject
Project("{FAE04EC0-301F-11D3-BF4B-00C04F79EFBC}") = "CommandsDemo", "CommandsDemo\CommandsDemo.csproj", "{82F06AF2-751C-4A79-8C8B-2CE0A5321AD5}"
EndProject
Project("{2150E333-8FDC-42A3-9474-1A3956D46DE8}") = "SpotifyCommands", "SpotifyCommands", "{C9CA01E8-BDAC-4006-8A29-097291349B06}"
EndProject
Project("{FAE04EC0-301F-11D3-BF4B-00C04F79EFBC}") = "SpotifyAggregator", "SpotifyCommands\SpotifyAggregator\SpotifyAggregator.csproj", "{C3D1A1A5-5A3A-452A-B2E5-F80E0747BAB2}"
EndProject
Project("{FAE04EC0-301F-11D3-BF4B-00C04F79EFBC}") = "SpotifyAuthenticator", "SpotifyCommands\SpotifyAuthenticator\SpotifyAuthenticator.csproj", "{949C72D4-902F-4FF0-B719-4979CCA4309E}"
EndProject
Global
	GlobalSection(SolutionConfigurationPlatforms) = preSolution
		Debug|Any CPU = Debug|Any CPU
		Release|Any CPU = Release|Any CPU
	EndGlobalSection
	GlobalSection(SolutionProperties) = preSolution
		HideSolutionNode = FALSE
	EndGlobalSection
	GlobalSection(ProjectConfigurationPlatforms) = postSolution
		{C8ACBA63-C907-4DD1-8CA2-95CDCF2A58F7}.Debug|Any CPU.ActiveCfg = Debug|Any CPU
		{C8ACBA63-C907-4DD1-8CA2-95CDCF2A58F7}.Debug|Any CPU.Build.0 = Debug|Any CPU
		{C8ACBA63-C907-4DD1-8CA2-95CDCF2A58F7}.Release|Any CPU.ActiveCfg = Release|Any CPU
		{C8ACBA63-C907-4DD1-8CA2-95CDCF2A58F7}.Release|Any CPU.Build.0 = Release|Any CPU
		{82F06AF2-751C-4A79-8C8B-2CE0A5321AD5}.Debug|Any CPU.ActiveCfg = Debug|Any CPU
		{82F06AF2-751C-4A79-8C8B-2CE0A5321AD5}.Debug|Any CPU.Build.0 = Debug|Any CPU
		{82F06AF2-751C-4A79-8C8B-2CE0A5321AD5}.Release|Any CPU.ActiveCfg = Release|Any CPU
		{82F06AF2-751C-4A79-8C8B-2CE0A5321AD5}.Release|Any CPU.Build.0 = Release|Any CPU
		{C3D1A1A5-5A3A-452A-B2E5-F80E0747BAB2}.Debug|Any CPU.ActiveCfg = Debug|Any CPU
		{C3D1A1A5-5A3A-452A-B2E5-F80E0747BAB2}.Debug|Any CPU.Build.0 = Debug|Any CPU
		{C3D1A1A5-5A3A-452A-B2E5-F80E0747BAB2}.Release|Any CPU.ActiveCfg = Release|Any CPU
		{C3D1A1A5-5A3A-452A-B2E5-F80E0747BAB2}.Release|Any CPU.Build.0 = Release|Any CPU
		{949C72D4-902F-4FF0-B719-4979CCA4309E}.Debug|Any CPU.ActiveCfg = Debug|Any CPU
		{949C72D4-902F-4FF0-B719-4979CCA4309E}.Debug|Any CPU.Build.0 = Debug|Any CPU
		{949C72D4-902F-4FF0-B719-4979CCA4309E}.Release|Any CPU.ActiveCfg = Release|Any CPU
		{949C72D4-902F-4FF0-B719-4979CCA4309E}.Release|Any CPU.Build.0 = Release|Any CPU
	EndGlobalSection
	GlobalSection(NestedProjects) = preSolution
		{C3D1A1A5-5A3A-452A-B2E5-F80E0747BAB2} = {C9CA01E8-BDAC-4006-8A29-097291349B06}
		{949C72D4-902F-4FF0-B719-4979CCA4309E} = {C9CA01E8-BDAC-4006-8A29-097291349B06}
	EndGlobalSection
EndGlobal
